
Microsoft Visual Studio Solution File, Format Version 12.00
# Visual Studio 15
VisualStudioVersion = 15.0.26730.16
MinimumVisualStudioVersion = 10.0.40219.1
Project("{FAE04EC0-301F-11D3-BF4B-00C04F79EFBC}") = "Crypto", "Crypto\Crypto.csproj", "{4D01E3AE-2087-4E63-B092-81DC42942FA2}"
EndProject
Project("{FAE04EC0-301F-11D3-BF4B-00C04F79EFBC}") = "Crypto.Tests", "Crypto.Tests\Crypto.Tests.csproj", "{7CD6E987-29F4-4C77-8FDD-E8063E9B9DB5}"
EndProject
Project("{FAE04EC0-301F-11D3-BF4B-00C04F79EFBC}") = "Crypto.App", "Crypto.App\Crypto.App.csproj", "{99583085-6E74-48BF-972B-F6E197380DB8}"
EndProject
Project("{FAE04EC0-301F-11D3-BF4B-00C04F79EFBC}") = "Crypto.Signature", "Crypto.Signature\Crypto.Signature.csproj", "{845AEA5F-4B53-4024-B57D-4678BA004E6F}"
EndProject
Global
	GlobalSection(SolutionConfigurationPlatforms) = preSolution
		Debug|Any CPU = Debug|Any CPU
		Release|Any CPU = Release|Any CPU
	EndGlobalSection
	GlobalSection(ProjectConfigurationPlatforms) = postSolution
		{4D01E3AE-2087-4E63-B092-81DC42942FA2}.Debug|Any CPU.ActiveCfg = Debug|Any CPU
		{4D01E3AE-2087-4E63-B092-81DC42942FA2}.Debug|Any CPU.Build.0 = Debug|Any CPU
		{4D01E3AE-2087-4E63-B092-81DC42942FA2}.Release|Any CPU.ActiveCfg = Release|Any CPU
		{4D01E3AE-2087-4E63-B092-81DC42942FA2}.Release|Any CPU.Build.0 = Release|Any CPU
		{7CD6E987-29F4-4C77-8FDD-E8063E9B9DB5}.Debug|Any CPU.ActiveCfg = Debug|Any CPU
		{7CD6E987-29F4-4C77-8FDD-E8063E9B9DB5}.Debug|Any CPU.Build.0 = Debug|Any CPU
		{7CD6E987-29F4-4C77-8FDD-E8063E9B9DB5}.Release|Any CPU.ActiveCfg = Release|Any CPU
		{7CD6E987-29F4-4C77-8FDD-E8063E9B9DB5}.Release|Any CPU.Build.0 = Release|Any CPU
		{99583085-6E74-48BF-972B-F6E197380DB8}.Debug|Any CPU.ActiveCfg = Debug|Any CPU
		{99583085-6E74-48BF-972B-F6E197380DB8}.Debug|Any CPU.Build.0 = Debug|Any CPU
		{99583085-6E74-48BF-972B-F6E197380DB8}.Release|Any CPU.ActiveCfg = Release|Any CPU
		{99583085-6E74-48BF-972B-F6E197380DB8}.Release|Any CPU.Build.0 = Release|Any CPU
		{845AEA5F-4B53-4024-B57D-4678BA004E6F}.Debug|Any CPU.ActiveCfg = Debug|Any CPU
		{845AEA5F-4B53-4024-B57D-4678BA004E6F}.Debug|Any CPU.Build.0 = Debug|Any CPU
		{845AEA5F-4B53-4024-B57D-4678BA004E6F}.Release|Any CPU.ActiveCfg = Release|Any CPU
		{845AEA5F-4B53-4024-B57D-4678BA004E6F}.Release|Any CPU.Build.0 = Release|Any CPU
	EndGlobalSection
	GlobalSection(SolutionProperties) = preSolution
		HideSolutionNode = FALSE
	EndGlobalSection
	GlobalSection(ExtensibilityGlobals) = postSolution
		SolutionGuid = {38C0F00A-113A-4621-AFC1-F530183D665C}
	EndGlobalSection
EndGlobal
